
Microsoft Visual Studio Solution File, Format Version 12.00
# Visual Studio 15
VisualStudioVersion = 15.0.27130.2010
MinimumVisualStudioVersion = 10.0.40219.1
Project("{2150E333-8FDC-42A3-9474-1A3956D46DE8}") = "Core", "Core", "{0D5B81F1-610C-445B-8CCB-AA4A227A37B8}"
EndProject
Project("{2150E333-8FDC-42A3-9474-1A3956D46DE8}") = "Hrm", "Hrm", "{21EFB41C-749E-4782-B856-2C5DD149F3F2}"
EndProject
Project("{FAE04EC0-301F-11D3-BF4B-00C04F79EFBC}") = "Softcode.GTex.ApploicationService", "Softcode.GTex.ApploicationService\Softcode.GTex.ApploicationService.csproj", "{56950D7B-7107-4E36-9CD0-9323F566958D}"
EndProject
Project("{FAE04EC0-301F-11D3-BF4B-00C04F79EFBC}") = "Softcode.GTex.Shared", "Softcode.GTex.Shared\Softcode.GTex.Shared.csproj", "{64CD8E57-86C4-4E00-B07B-F4C382A8C748}"
EndProject
Project("{2150E333-8FDC-42A3-9474-1A3956D46DE8}") = "Accounting", "Accounting", "{F30698B4-31E5-4AA9-8F12-26D1A4A6F5AD}"
EndProject
Project("{2150E333-8FDC-42A3-9474-1A3956D46DE8}") = "Commercial", "Commercial", "{8F6E4F53-40C4-4891-B1AF-1DD960CB7590}"
EndProject
Project("{2150E333-8FDC-42A3-9474-1A3956D46DE8}") = "Merchandising", "Merchandising", "{291C3142-B67E-43EE-A483-FC1A5295069F}"
EndProject
Project("{2150E333-8FDC-42A3-9474-1A3956D46DE8}") = "Production", "Production", "{EF2D6F61-C299-48E5-9B98-A0B0601F8693}"
EndProject
Project("{2150E333-8FDC-42A3-9474-1A3956D46DE8}") = "Planning", "Planning", "{4D9BFF29-D632-4B58-B447-03657A9781E4}"
EndProject
Project("{2150E333-8FDC-42A3-9474-1A3956D46DE8}") = "Inventory", "Inventory", "{CB04591E-B607-4A71-8927-B69CAC77447C}"
EndProject
Project("{FAE04EC0-301F-11D3-BF4B-00C04F79EFBC}") = "Softcode.GTex.Api", "Softcode.GTex.Api\Softcode.GTex.Api.csproj", "{4556D282-42DF-48AB-B04E-7C7F96FE4932}"
EndProject
Project("{FAE04EC0-301F-11D3-BF4B-00C04F79EFBC}") = "Softcode.GTex.Api.Hrm", "Softcode.GTex.Api.Hrm\Softcode.GTex.Api.Hrm.csproj", "{9608BE8C-80B5-4032-B71B-252B6C833FE3}"
EndProject
Project("{FAE04EC0-301F-11D3-BF4B-00C04F79EFBC}") = "Softcode.GTex.ApplicationService.Hrm", "Softcode.GTex.ApplicationService.Hrm\Softcode.GTex.ApplicationService.Hrm.csproj", "{7CF9B00D-936D-449B-BDEF-E6E86DD8F863}"
EndProject
Project("{FAE04EC0-301F-11D3-BF4B-00C04F79EFBC}") = "Softcode.GTex.Api.Accounting", "Softcode.GTex.Api.Accounting\Softcode.GTex.Api.Accounting.csproj", "{BE49ADE3-F577-405E-893F-91B761A993E1}"
EndProject
Project("{FAE04EC0-301F-11D3-BF4B-00C04F79EFBC}") = "Softcode.GTex.ApplicationService.Accounting", "Softcode.GTex.ApplicationService.Accounting\Softcode.GTex.ApplicationService.Accounting.csproj", "{400C6533-1A5B-4FA2-9DB0-E213A9DC17BF}"
EndProject
Project("{FAE04EC0-301F-11D3-BF4B-00C04F79EFBC}") = "Softcode.GTex.ApplicationService.Inventory", "Softcode.GTex.ApplicationService.Inventory\Softcode.GTex.ApplicationService.Inventory.csproj", "{2417A71D-EA07-4614-95D6-FF5AC20DF410}"
EndProject
Project("{FAE04EC0-301F-11D3-BF4B-00C04F79EFBC}") = "Softcode.GTex.Api.Merchandising", "Softcode.GTex.Api.Merchandising\Softcode.GTex.Api.Merchandising.csproj", "{12F1F42A-FA02-4A62-8343-B395007D7149}"
EndProject
Project("{FAE04EC0-301F-11D3-BF4B-00C04F79EFBC}") = "Softcode.GTex.ApplicationService.Merchandising", "Softcode.GTex.ApplicationService.Merchandising\Softcode.GTex.ApplicationService.Merchandising.csproj", "{23FAD156-7886-4014-B953-B4EE93D02233}"
EndProject
Project("{FAE04EC0-301F-11D3-BF4B-00C04F79EFBC}") = "Softcode.GTex.ApplicationService.Planning", "Softcode.GTex.ApplicationService.Planning\Softcode.GTex.ApplicationService.Planning.csproj", "{7489E2D8-0C76-44A8-9A1F-73F96578F05F}"
EndProject
Project("{FAE04EC0-301F-11D3-BF4B-00C04F79EFBC}") = "Softcode.GTex.ApplicationService.Production", "Softcode.GTex.ApplicationService.Production\Softcode.GTex.ApplicationService.Production.csproj", "{F300E69E-71F6-446F-BE11-C9723D02C48C}"
EndProject
Project("{FAE04EC0-301F-11D3-BF4B-00C04F79EFBC}") = "Softcode.GTex.Api.Commerial", "Softcode.GTex.Api.Commerial\Softcode.GTex.Api.Commerial.csproj", "{5DE35E90-EEA8-4332-A1F5-762C7941860D}"
EndProject
Project("{FAE04EC0-301F-11D3-BF4B-00C04F79EFBC}") = "Softcode.GTex.ApplicationService.Commerial", "Softcode.GTex.ApplicationService.Commerial\Softcode.GTex.ApplicationService.Commerial.csproj", "{5928A4EB-4A20-4483-B39A-7699038255A9}"
EndProject
Project("{FAE04EC0-301F-11D3-BF4B-00C04F79EFBC}") = "Softcode.GTex.Configuration", "Softcode.GTex.Configuration\Softcode.GTex.Configuration.csproj", "{6A5D010B-F6CC-43BC-B2CB-31BA3AC58A5A}"
EndProject
Project("{2150E333-8FDC-42A3-9474-1A3956D46DE8}") = "Tools", "Tools", "{A832E772-798C-4F5C-B04F-A296BDBA9EB5}"
EndProject
Project("{9A19103F-16F7-4668-BE54-9A1E7A4F7556}") = "Softcode.GTex.Tools.ModelBuilder", "Softcode.GTex.Tools.ModelBuilder\Softcode.GTex.Tools.ModelBuilder.csproj", "{C38EEC61-98E2-4225-AFA5-9E77C80A5820}"
EndProject
Project("{2150E333-8FDC-42A3-9474-1A3956D46DE8}") = "Crm", "Crm", "{7D8AB524-DB2D-442A-8B81-9F441F88A4FE}"
EndProject
Project("{FAE04EC0-301F-11D3-BF4B-00C04F79EFBC}") = "Softcode.GTex.Api.Crm", "Softcode.GTex.Api.Crm\Softcode.GTex.Api.Crm.csproj", "{1B009809-925F-467E-829C-8FE9CE9D9E6A}"
EndProject
Project("{FAE04EC0-301F-11D3-BF4B-00C04F79EFBC}") = "Softcode.GTex.ApplicationService.Crm", "Softcode.GTex.ApplicationService.Crm\Softcode.GTex.ApplicationService.Crm.csproj", "{B47F2677-D899-4C8F-B0D1-C7197B1B6456}"
EndProject
Project("{2150E333-8FDC-42A3-9474-1A3956D46DE8}") = "Dms", "Dms", "{2D272774-BF40-4493-B8B2-D4970D1FC121}"
EndProject
Project("{FAE04EC0-301F-11D3-BF4B-00C04F79EFBC}") = "Softcode.GTex.Api.Dms", "Softcode.GTex.Api.Dms\Softcode.GTex.Api.Dms.csproj", "{226623AF-D77C-40D6-A85C-2A00D2511041}"
EndProject
Project("{FAE04EC0-301F-11D3-BF4B-00C04F79EFBC}") = "Softcode.GTex.ApplicationService.Dms", "Softcode.GTex.ApplicationService.Dms\Softcode.GTex.ApplicationService.Dms.csproj", "{B9F05229-1637-4837-9BDC-5A7606F213FC}"
EndProject
Project("{FAE04EC0-301F-11D3-BF4B-00C04F79EFBC}") = "Softcode.GTex.ApplicantionService.Messaging", "Softcode.GTex.ApplicantionService.Messaging\Softcode.GTex.ApplicantionService.Messaging.csproj", "{EAC532E9-5D76-470F-8ED2-AE40EBB70386}"
EndProject
Project("{FAE04EC0-301F-11D3-BF4B-00C04F79EFBC}") = "Softcode.GTex.Api.Messaging", "Softcode.GTex.Api.Messaging\Softcode.GTex.Api.Messaging.csproj", "{B0AD50C5-E856-4897-AF87-B1580A2774C0}"
EndProject
Project("{FAE04EC0-301F-11D3-BF4B-00C04F79EFBC}") = "Softcode.GTex.Api.Inventory", "Softcode.GTex.Api.Inventory\Softcode.GTex.Api.Inventory.csproj", "{5D5EBDF6-656F-4988-8180-81752F0BCF2A}"
EndProject
Project("{FAE04EC0-301F-11D3-BF4B-00C04F79EFBC}") = "Softcode.GTex.Api.Planning", "Softcode.GTex.Api.Planning\Softcode.GTex.Api.Planning.csproj", "{DD7AD795-8C43-4AE8-A471-CDE3DA11031A}"
EndProject
Project("{FAE04EC0-301F-11D3-BF4B-00C04F79EFBC}") = "Softcode.GTex.Api.Production", "Softcode.GTex.Api.Production\Softcode.GTex.Api.Production.csproj", "{1B82F653-4F7E-46F4-99EA-898B68A11E10}"
EndProject
Project("{9A19103F-16F7-4668-BE54-9A1E7A4F7556}") = "Softcode.GTex.Web.Api", "Softcode.GTex.Web.Api\Softcode.GTex.Web.Api.csproj", "{E8F535FF-267F-4013-9290-84742A3C4CDB}"
EndProject
Project("{FAE04EC0-301F-11D3-BF4B-00C04F79EFBC}") = "Softcode.GTex.Data", "Softcode.GTex.Data\Softcode.GTex.Data.csproj", "{2E1A59EE-0321-4C4A-9153-BA125CAC5419}"
EndProject
Global
	GlobalSection(SolutionConfigurationPlatforms) = preSolution
		Debug|Any CPU = Debug|Any CPU
		Release|Any CPU = Release|Any CPU
	EndGlobalSection
	GlobalSection(ProjectConfigurationPlatforms) = postSolution
		{56950D7B-7107-4E36-9CD0-9323F566958D}.Debug|Any CPU.ActiveCfg = Debug|Any CPU
		{56950D7B-7107-4E36-9CD0-9323F566958D}.Debug|Any CPU.Build.0 = Debug|Any CPU
		{56950D7B-7107-4E36-9CD0-9323F566958D}.Release|Any CPU.ActiveCfg = Release|Any CPU
		{56950D7B-7107-4E36-9CD0-9323F566958D}.Release|Any CPU.Build.0 = Release|Any CPU
		{64CD8E57-86C4-4E00-B07B-F4C382A8C748}.Debug|Any CPU.ActiveCfg = Debug|Any CPU
		{64CD8E57-86C4-4E00-B07B-F4C382A8C748}.Debug|Any CPU.Build.0 = Debug|Any CPU
		{64CD8E57-86C4-4E00-B07B-F4C382A8C748}.Release|Any CPU.ActiveCfg = Release|Any CPU
		{64CD8E57-86C4-4E00-B07B-F4C382A8C748}.Release|Any CPU.Build.0 = Release|Any CPU
		{4556D282-42DF-48AB-B04E-7C7F96FE4932}.Debug|Any CPU.ActiveCfg = Debug|Any CPU
		{4556D282-42DF-48AB-B04E-7C7F96FE4932}.Debug|Any CPU.Build.0 = Debug|Any CPU
		{4556D282-42DF-48AB-B04E-7C7F96FE4932}.Release|Any CPU.ActiveCfg = Release|Any CPU
		{4556D282-42DF-48AB-B04E-7C7F96FE4932}.Release|Any CPU.Build.0 = Release|Any CPU
		{9608BE8C-80B5-4032-B71B-252B6C833FE3}.Debug|Any CPU.ActiveCfg = Debug|Any CPU
		{9608BE8C-80B5-4032-B71B-252B6C833FE3}.Debug|Any CPU.Build.0 = Debug|Any CPU
		{9608BE8C-80B5-4032-B71B-252B6C833FE3}.Release|Any CPU.ActiveCfg = Release|Any CPU
		{9608BE8C-80B5-4032-B71B-252B6C833FE3}.Release|Any CPU.Build.0 = Release|Any CPU
		{7CF9B00D-936D-449B-BDEF-E6E86DD8F863}.Debug|Any CPU.ActiveCfg = Debug|Any CPU
		{7CF9B00D-936D-449B-BDEF-E6E86DD8F863}.Debug|Any CPU.Build.0 = Debug|Any CPU
		{7CF9B00D-936D-449B-BDEF-E6E86DD8F863}.Release|Any CPU.ActiveCfg = Release|Any CPU
		{7CF9B00D-936D-449B-BDEF-E6E86DD8F863}.Release|Any CPU.Build.0 = Release|Any CPU
		{BE49ADE3-F577-405E-893F-91B761A993E1}.Debug|Any CPU.ActiveCfg = Debug|Any CPU
		{BE49ADE3-F577-405E-893F-91B761A993E1}.Debug|Any CPU.Build.0 = Debug|Any CPU
		{BE49ADE3-F577-405E-893F-91B761A993E1}.Release|Any CPU.ActiveCfg = Release|Any CPU
		{BE49ADE3-F577-405E-893F-91B761A993E1}.Release|Any CPU.Build.0 = Release|Any CPU
		{400C6533-1A5B-4FA2-9DB0-E213A9DC17BF}.Debug|Any CPU.ActiveCfg = Debug|Any CPU
		{400C6533-1A5B-4FA2-9DB0-E213A9DC17BF}.Debug|Any CPU.Build.0 = Debug|Any CPU
		{400C6533-1A5B-4FA2-9DB0-E213A9DC17BF}.Release|Any CPU.ActiveCfg = Release|Any CPU
		{400C6533-1A5B-4FA2-9DB0-E213A9DC17BF}.Release|Any CPU.Build.0 = Release|Any CPU
		{2417A71D-EA07-4614-95D6-FF5AC20DF410}.Debug|Any CPU.ActiveCfg = Debug|Any CPU
		{2417A71D-EA07-4614-95D6-FF5AC20DF410}.Debug|Any CPU.Build.0 = Debug|Any CPU
		{2417A71D-EA07-4614-95D6-FF5AC20DF410}.Release|Any CPU.ActiveCfg = Release|Any CPU
		{2417A71D-EA07-4614-95D6-FF5AC20DF410}.Release|Any CPU.Build.0 = Release|Any CPU
		{12F1F42A-FA02-4A62-8343-B395007D7149}.Debug|Any CPU.ActiveCfg = Debug|Any CPU
		{12F1F42A-FA02-4A62-8343-B395007D7149}.Debug|Any CPU.Build.0 = Debug|Any CPU
		{12F1F42A-FA02-4A62-8343-B395007D7149}.Release|Any CPU.ActiveCfg = Release|Any CPU
		{12F1F42A-FA02-4A62-8343-B395007D7149}.Release|Any CPU.Build.0 = Release|Any CPU
		{23FAD156-7886-4014-B953-B4EE93D02233}.Debug|Any CPU.ActiveCfg = Debug|Any CPU
		{23FAD156-7886-4014-B953-B4EE93D02233}.Debug|Any CPU.Build.0 = Debug|Any CPU
		{23FAD156-7886-4014-B953-B4EE93D02233}.Release|Any CPU.ActiveCfg = Release|Any CPU
		{23FAD156-7886-4014-B953-B4EE93D02233}.Release|Any CPU.Build.0 = Release|Any CPU
		{7489E2D8-0C76-44A8-9A1F-73F96578F05F}.Debug|Any CPU.ActiveCfg = Debug|Any CPU
		{7489E2D8-0C76-44A8-9A1F-73F96578F05F}.Debug|Any CPU.Build.0 = Debug|Any CPU
		{7489E2D8-0C76-44A8-9A1F-73F96578F05F}.Release|Any CPU.ActiveCfg = Release|Any CPU
		{7489E2D8-0C76-44A8-9A1F-73F96578F05F}.Release|Any CPU.Build.0 = Release|Any CPU
		{F300E69E-71F6-446F-BE11-C9723D02C48C}.Debug|Any CPU.ActiveCfg = Debug|Any CPU
		{F300E69E-71F6-446F-BE11-C9723D02C48C}.Debug|Any CPU.Build.0 = Debug|Any CPU
		{F300E69E-71F6-446F-BE11-C9723D02C48C}.Release|Any CPU.ActiveCfg = Release|Any CPU
		{F300E69E-71F6-446F-BE11-C9723D02C48C}.Release|Any CPU.Build.0 = Release|Any CPU
		{5DE35E90-EEA8-4332-A1F5-762C7941860D}.Debug|Any CPU.ActiveCfg = Debug|Any CPU
		{5DE35E90-EEA8-4332-A1F5-762C7941860D}.Debug|Any CPU.Build.0 = Debug|Any CPU
		{5DE35E90-EEA8-4332-A1F5-762C7941860D}.Release|Any CPU.ActiveCfg = Release|Any CPU
		{5DE35E90-EEA8-4332-A1F5-762C7941860D}.Release|Any CPU.Build.0 = Release|Any CPU
		{5928A4EB-4A20-4483-B39A-7699038255A9}.Debug|Any CPU.ActiveCfg = Debug|Any CPU
		{5928A4EB-4A20-4483-B39A-7699038255A9}.Debug|Any CPU.Build.0 = Debug|Any CPU
		{5928A4EB-4A20-4483-B39A-7699038255A9}.Release|Any CPU.ActiveCfg = Release|Any CPU
		{5928A4EB-4A20-4483-B39A-7699038255A9}.Release|Any CPU.Build.0 = Release|Any CPU
		{6A5D010B-F6CC-43BC-B2CB-31BA3AC58A5A}.Debug|Any CPU.ActiveCfg = Debug|Any CPU
		{6A5D010B-F6CC-43BC-B2CB-31BA3AC58A5A}.Debug|Any CPU.Build.0 = Debug|Any CPU
		{6A5D010B-F6CC-43BC-B2CB-31BA3AC58A5A}.Release|Any CPU.ActiveCfg = Release|Any CPU
		{6A5D010B-F6CC-43BC-B2CB-31BA3AC58A5A}.Release|Any CPU.Build.0 = Release|Any CPU
		{C38EEC61-98E2-4225-AFA5-9E77C80A5820}.Debug|Any CPU.ActiveCfg = Debug|Any CPU
		{C38EEC61-98E2-4225-AFA5-9E77C80A5820}.Debug|Any CPU.Build.0 = Debug|Any CPU
		{C38EEC61-98E2-4225-AFA5-9E77C80A5820}.Release|Any CPU.ActiveCfg = Release|Any CPU
		{C38EEC61-98E2-4225-AFA5-9E77C80A5820}.Release|Any CPU.Build.0 = Release|Any CPU
		{1B009809-925F-467E-829C-8FE9CE9D9E6A}.Debug|Any CPU.ActiveCfg = Debug|Any CPU
		{1B009809-925F-467E-829C-8FE9CE9D9E6A}.Debug|Any CPU.Build.0 = Debug|Any CPU
		{1B009809-925F-467E-829C-8FE9CE9D9E6A}.Release|Any CPU.ActiveCfg = Release|Any CPU
		{1B009809-925F-467E-829C-8FE9CE9D9E6A}.Release|Any CPU.Build.0 = Release|Any CPU
		{B47F2677-D899-4C8F-B0D1-C7197B1B6456}.Debug|Any CPU.ActiveCfg = Debug|Any CPU
		{B47F2677-D899-4C8F-B0D1-C7197B1B6456}.Debug|Any CPU.Build.0 = Debug|Any CPU
		{B47F2677-D899-4C8F-B0D1-C7197B1B6456}.Release|Any CPU.ActiveCfg = Release|Any CPU
		{B47F2677-D899-4C8F-B0D1-C7197B1B6456}.Release|Any CPU.Build.0 = Release|Any CPU
		{226623AF-D77C-40D6-A85C-2A00D2511041}.Debug|Any CPU.ActiveCfg = Debug|Any CPU
		{226623AF-D77C-40D6-A85C-2A00D2511041}.Debug|Any CPU.Build.0 = Debug|Any CPU
		{226623AF-D77C-40D6-A85C-2A00D2511041}.Release|Any CPU.ActiveCfg = Release|Any CPU
		{226623AF-D77C-40D6-A85C-2A00D2511041}.Release|Any CPU.Build.0 = Release|Any CPU
		{B9F05229-1637-4837-9BDC-5A7606F213FC}.Debug|Any CPU.ActiveCfg = Debug|Any CPU
		{B9F05229-1637-4837-9BDC-5A7606F213FC}.Debug|Any CPU.Build.0 = Debug|Any CPU
		{B9F05229-1637-4837-9BDC-5A7606F213FC}.Release|Any CPU.ActiveCfg = Release|Any CPU
		{B9F05229-1637-4837-9BDC-5A7606F213FC}.Release|Any CPU.Build.0 = Release|Any CPU
		{EAC532E9-5D76-470F-8ED2-AE40EBB70386}.Debug|Any CPU.ActiveCfg = Debug|Any CPU
		{EAC532E9-5D76-470F-8ED2-AE40EBB70386}.Debug|Any CPU.Build.0 = Debug|Any CPU
		{EAC532E9-5D76-470F-8ED2-AE40EBB70386}.Release|Any CPU.ActiveCfg = Release|Any CPU
		{EAC532E9-5D76-470F-8ED2-AE40EBB70386}.Release|Any CPU.Build.0 = Release|Any CPU
		{B0AD50C5-E856-4897-AF87-B1580A2774C0}.Debug|Any CPU.ActiveCfg = Debug|Any CPU
		{B0AD50C5-E856-4897-AF87-B1580A2774C0}.Debug|Any CPU.Build.0 = Debug|Any CPU
		{B0AD50C5-E856-4897-AF87-B1580A2774C0}.Release|Any CPU.ActiveCfg = Release|Any CPU
		{B0AD50C5-E856-4897-AF87-B1580A2774C0}.Release|Any CPU.Build.0 = Release|Any CPU
		{5D5EBDF6-656F-4988-8180-81752F0BCF2A}.Debug|Any CPU.ActiveCfg = Debug|Any CPU
		{5D5EBDF6-656F-4988-8180-81752F0BCF2A}.Debug|Any CPU.Build.0 = Debug|Any CPU
		{5D5EBDF6-656F-4988-8180-81752F0BCF2A}.Release|Any CPU.ActiveCfg = Release|Any CPU
		{5D5EBDF6-656F-4988-8180-81752F0BCF2A}.Release|Any CPU.Build.0 = Release|Any CPU
		{DD7AD795-8C43-4AE8-A471-CDE3DA11031A}.Debug|Any CPU.ActiveCfg = Debug|Any CPU
		{DD7AD795-8C43-4AE8-A471-CDE3DA11031A}.Debug|Any CPU.Build.0 = Debug|Any CPU
		{DD7AD795-8C43-4AE8-A471-CDE3DA11031A}.Release|Any CPU.ActiveCfg = Release|Any CPU
		{DD7AD795-8C43-4AE8-A471-CDE3DA11031A}.Release|Any CPU.Build.0 = Release|Any CPU
		{1B82F653-4F7E-46F4-99EA-898B68A11E10}.Debug|Any CPU.ActiveCfg = Debug|Any CPU
		{1B82F653-4F7E-46F4-99EA-898B68A11E10}.Debug|Any CPU.Build.0 = Debug|Any CPU
		{1B82F653-4F7E-46F4-99EA-898B68A11E10}.Release|Any CPU.ActiveCfg = Release|Any CPU
		{1B82F653-4F7E-46F4-99EA-898B68A11E10}.Release|Any CPU.Build.0 = Release|Any CPU
		{E8F535FF-267F-4013-9290-84742A3C4CDB}.Debug|Any CPU.ActiveCfg = Debug|Any CPU
		{E8F535FF-267F-4013-9290-84742A3C4CDB}.Debug|Any CPU.Build.0 = Debug|Any CPU
		{E8F535FF-267F-4013-9290-84742A3C4CDB}.Release|Any CPU.ActiveCfg = Release|Any CPU
		{E8F535FF-267F-4013-9290-84742A3C4CDB}.Release|Any CPU.Build.0 = Release|Any CPU
		{2E1A59EE-0321-4C4A-9153-BA125CAC5419}.Debug|Any CPU.ActiveCfg = Debug|Any CPU
		{2E1A59EE-0321-4C4A-9153-BA125CAC5419}.Debug|Any CPU.Build.0 = Debug|Any CPU
		{2E1A59EE-0321-4C4A-9153-BA125CAC5419}.Release|Any CPU.ActiveCfg = Release|Any CPU
		{2E1A59EE-0321-4C4A-9153-BA125CAC5419}.Release|Any CPU.Build.0 = Release|Any CPU
	EndGlobalSection
	GlobalSection(SolutionProperties) = preSolution
		HideSolutionNode = FALSE
	EndGlobalSection
	GlobalSection(NestedProjects) = preSolution
		{56950D7B-7107-4E36-9CD0-9323F566958D} = {0D5B81F1-610C-445B-8CCB-AA4A227A37B8}
		{64CD8E57-86C4-4E00-B07B-F4C382A8C748} = {0D5B81F1-610C-445B-8CCB-AA4A227A37B8}
		{4556D282-42DF-48AB-B04E-7C7F96FE4932} = {0D5B81F1-610C-445B-8CCB-AA4A227A37B8}
		{9608BE8C-80B5-4032-B71B-252B6C833FE3} = {21EFB41C-749E-4782-B856-2C5DD149F3F2}
		{7CF9B00D-936D-449B-BDEF-E6E86DD8F863} = {21EFB41C-749E-4782-B856-2C5DD149F3F2}
		{BE49ADE3-F577-405E-893F-91B761A993E1} = {F30698B4-31E5-4AA9-8F12-26D1A4A6F5AD}
		{400C6533-1A5B-4FA2-9DB0-E213A9DC17BF} = {F30698B4-31E5-4AA9-8F12-26D1A4A6F5AD}
		{2417A71D-EA07-4614-95D6-FF5AC20DF410} = {CB04591E-B607-4A71-8927-B69CAC77447C}
		{12F1F42A-FA02-4A62-8343-B395007D7149} = {291C3142-B67E-43EE-A483-FC1A5295069F}
		{23FAD156-7886-4014-B953-B4EE93D02233} = {291C3142-B67E-43EE-A483-FC1A5295069F}
		{7489E2D8-0C76-44A8-9A1F-73F96578F05F} = {4D9BFF29-D632-4B58-B447-03657A9781E4}
		{F300E69E-71F6-446F-BE11-C9723D02C48C} = {EF2D6F61-C299-48E5-9B98-A0B0601F8693}
		{5DE35E90-EEA8-4332-A1F5-762C7941860D} = {8F6E4F53-40C4-4891-B1AF-1DD960CB7590}
		{5928A4EB-4A20-4483-B39A-7699038255A9} = {8F6E4F53-40C4-4891-B1AF-1DD960CB7590}
		{6A5D010B-F6CC-43BC-B2CB-31BA3AC58A5A} = {0D5B81F1-610C-445B-8CCB-AA4A227A37B8}
		{C38EEC61-98E2-4225-AFA5-9E77C80A5820} = {A832E772-798C-4F5C-B04F-A296BDBA9EB5}
		{1B009809-925F-467E-829C-8FE9CE9D9E6A} = {7D8AB524-DB2D-442A-8B81-9F441F88A4FE}
		{B47F2677-D899-4C8F-B0D1-C7197B1B6456} = {7D8AB524-DB2D-442A-8B81-9F441F88A4FE}
		{226623AF-D77C-40D6-A85C-2A00D2511041} = {2D272774-BF40-4493-B8B2-D4970D1FC121}
		{B9F05229-1637-4837-9BDC-5A7606F213FC} = {2D272774-BF40-4493-B8B2-D4970D1FC121}
		{EAC532E9-5D76-470F-8ED2-AE40EBB70386} = {0D5B81F1-610C-445B-8CCB-AA4A227A37B8}
		{B0AD50C5-E856-4897-AF87-B1580A2774C0} = {0D5B81F1-610C-445B-8CCB-AA4A227A37B8}
		{5D5EBDF6-656F-4988-8180-81752F0BCF2A} = {CB04591E-B607-4A71-8927-B69CAC77447C}
		{DD7AD795-8C43-4AE8-A471-CDE3DA11031A} = {4D9BFF29-D632-4B58-B447-03657A9781E4}
		{1B82F653-4F7E-46F4-99EA-898B68A11E10} = {EF2D6F61-C299-48E5-9B98-A0B0601F8693}
		{2E1A59EE-0321-4C4A-9153-BA125CAC5419} = {0D5B81F1-610C-445B-8CCB-AA4A227A37B8}
	EndGlobalSection
	GlobalSection(ExtensibilityGlobals) = postSolution
		SolutionGuid = {C17B1D85-91D0-45FE-AB97-EC034A126AF6}
	EndGlobalSection
EndGlobal
